
Microsoft Visual Studio Solution File, Format Version 12.00
# Visual Studio Version 17
VisualStudioVersion = 17.0.31903.59
MinimumVisualStudioVersion = 10.0.40219.1
Project("{2150E333-8FDC-42A3-9474-1A3956D46DE8}") = "Solution Items", "Solution Items", "{AFA07ADD-2631-4E37-957A-F59C58E32F2B}"
	ProjectSection(SolutionItems) = preProject
		delivery-plan.md = delivery-plan.md
		project-evaluation.md = project-evaluation.md
		README.md = README.md
		software-architecture.md = software-architecture.md
		solution-requirements.md = solution-requirements.md
		user-stories.md = user-stories.md
	EndProjectSection
EndProject
Project("{2150E333-8FDC-42A3-9474-1A3956D46DE8}") = "src", "src", "{289460C3-6B65-43A6-A945-12F1A12B63F1}"
EndProject
Project("{FAE04EC0-301F-11D3-BF4B-00C04F79EFBC}") = "TodoListApp.WebApp", "TodoListApp.WebApp\TodoListApp.WebApp.csproj", "{3FF228D3-B916-442B-A244-35072D07823C}"
	ProjectSection(ProjectDependencies) = postProject
		{3F2AF7AF-309F-4220-AD11-81A2DFBBEC19} = {3F2AF7AF-309F-4220-AD11-81A2DFBBEC19}
		{830B4E35-C098-43BB-BE5B-19804F647508} = {830B4E35-C098-43BB-BE5B-19804F647508}
		{AF75A353-F79D-4437-B6CD-9CCACADB8F26} = {AF75A353-F79D-4437-B6CD-9CCACADB8F26}
	EndProjectSection
EndProject
Project("{FAE04EC0-301F-11D3-BF4B-00C04F79EFBC}") = "TodoListApp.WebApi", "TodoListApp.WebApi\TodoListApp.WebApi.csproj", "{1380EB14-9A7F-4BF1-8A0B-38E1E6D9EF26}"
	ProjectSection(ProjectDependencies) = postProject
		{3CDCC7FD-D1AC-4EB6-8EB4-35F1C7928CDB} = {3CDCC7FD-D1AC-4EB6-8EB4-35F1C7928CDB}
		{830B4E35-C098-43BB-BE5B-19804F647508} = {830B4E35-C098-43BB-BE5B-19804F647508}
		{AF75A353-F79D-4437-B6CD-9CCACADB8F26} = {AF75A353-F79D-4437-B6CD-9CCACADB8F26}
	EndProjectSection
EndProject
Project("{FAE04EC0-301F-11D3-BF4B-00C04F79EFBC}") = "TodoListApp.WebApi.Models", "TodoListApp.WebApi.Models\TodoListApp.WebApi.Models.csproj", "{AF75A353-F79D-4437-B6CD-9CCACADB8F26}"
EndProject
Project("{FAE04EC0-301F-11D3-BF4B-00C04F79EFBC}") = "TodoListApp.WebApp.Models", "TodoListApp.WebApp.Models\TodoListApp.WebApp.Models.csproj", "{3F2AF7AF-309F-4220-AD11-81A2DFBBEC19}"
EndProject
Project("{FAE04EC0-301F-11D3-BF4B-00C04F79EFBC}") = "TodoListApp.WebApi.DataAccess", "TodoListApp.WebApi.DataAccess\TodoListApp.WebApi.DataAccess.csproj", "{3CDCC7FD-D1AC-4EB6-8EB4-35F1C7928CDB}"
EndProject
Project("{FAE04EC0-301F-11D3-BF4B-00C04F79EFBC}") = "TodoListApp.Common", "TodoListApp.Common\TodoListApp.Common.csproj", "{830B4E35-C098-43BB-BE5B-19804F647508}"
EndProject
Global
	GlobalSection(SolutionConfigurationPlatforms) = preSolution
		Debug|Any CPU = Debug|Any CPU
		Release|Any CPU = Release|Any CPU
	EndGlobalSection
	GlobalSection(ProjectConfigurationPlatforms) = postSolution
		{3FF228D3-B916-442B-A244-35072D07823C}.Debug|Any CPU.ActiveCfg = Debug|Any CPU
		{3FF228D3-B916-442B-A244-35072D07823C}.Debug|Any CPU.Build.0 = Debug|Any CPU
		{3FF228D3-B916-442B-A244-35072D07823C}.Release|Any CPU.ActiveCfg = Release|Any CPU
		{3FF228D3-B916-442B-A244-35072D07823C}.Release|Any CPU.Build.0 = Release|Any CPU
		{1380EB14-9A7F-4BF1-8A0B-38E1E6D9EF26}.Debug|Any CPU.ActiveCfg = Debug|Any CPU
		{1380EB14-9A7F-4BF1-8A0B-38E1E6D9EF26}.Debug|Any CPU.Build.0 = Debug|Any CPU
		{1380EB14-9A7F-4BF1-8A0B-38E1E6D9EF26}.Release|Any CPU.ActiveCfg = Release|Any CPU
		{1380EB14-9A7F-4BF1-8A0B-38E1E6D9EF26}.Release|Any CPU.Build.0 = Release|Any CPU
		{AF75A353-F79D-4437-B6CD-9CCACADB8F26}.Debug|Any CPU.ActiveCfg = Debug|Any CPU
		{AF75A353-F79D-4437-B6CD-9CCACADB8F26}.Debug|Any CPU.Build.0 = Debug|Any CPU
		{AF75A353-F79D-4437-B6CD-9CCACADB8F26}.Release|Any CPU.ActiveCfg = Release|Any CPU
		{AF75A353-F79D-4437-B6CD-9CCACADB8F26}.Release|Any CPU.Build.0 = Release|Any CPU
		{3F2AF7AF-309F-4220-AD11-81A2DFBBEC19}.Debug|Any CPU.ActiveCfg = Debug|Any CPU
		{3F2AF7AF-309F-4220-AD11-81A2DFBBEC19}.Debug|Any CPU.Build.0 = Debug|Any CPU
		{3F2AF7AF-309F-4220-AD11-81A2DFBBEC19}.Release|Any CPU.ActiveCfg = Release|Any CPU
		{3F2AF7AF-309F-4220-AD11-81A2DFBBEC19}.Release|Any CPU.Build.0 = Release|Any CPU
		{3CDCC7FD-D1AC-4EB6-8EB4-35F1C7928CDB}.Debug|Any CPU.ActiveCfg = Debug|Any CPU
		{3CDCC7FD-D1AC-4EB6-8EB4-35F1C7928CDB}.Debug|Any CPU.Build.0 = Debug|Any CPU
		{3CDCC7FD-D1AC-4EB6-8EB4-35F1C7928CDB}.Release|Any CPU.ActiveCfg = Release|Any CPU
		{3CDCC7FD-D1AC-4EB6-8EB4-35F1C7928CDB}.Release|Any CPU.Build.0 = Release|Any CPU
		{830B4E35-C098-43BB-BE5B-19804F647508}.Debug|Any CPU.ActiveCfg = Debug|Any CPU
		{830B4E35-C098-43BB-BE5B-19804F647508}.Debug|Any CPU.Build.0 = Debug|Any CPU
		{830B4E35-C098-43BB-BE5B-19804F647508}.Release|Any CPU.ActiveCfg = Release|Any CPU
		{830B4E35-C098-43BB-BE5B-19804F647508}.Release|Any CPU.Build.0 = Release|Any CPU
	EndGlobalSection
	GlobalSection(SolutionProperties) = preSolution
		HideSolutionNode = FALSE
	EndGlobalSection
	GlobalSection(NestedProjects) = preSolution
		{289460C3-6B65-43A6-A945-12F1A12B63F1} = {AFA07ADD-2631-4E37-957A-F59C58E32F2B}
		{3FF228D3-B916-442B-A244-35072D07823C} = {289460C3-6B65-43A6-A945-12F1A12B63F1}
		{1380EB14-9A7F-4BF1-8A0B-38E1E6D9EF26} = {289460C3-6B65-43A6-A945-12F1A12B63F1}
		{AF75A353-F79D-4437-B6CD-9CCACADB8F26} = {289460C3-6B65-43A6-A945-12F1A12B63F1}
		{3F2AF7AF-309F-4220-AD11-81A2DFBBEC19} = {289460C3-6B65-43A6-A945-12F1A12B63F1}
		{3CDCC7FD-D1AC-4EB6-8EB4-35F1C7928CDB} = {289460C3-6B65-43A6-A945-12F1A12B63F1}
		{830B4E35-C098-43BB-BE5B-19804F647508} = {289460C3-6B65-43A6-A945-12F1A12B63F1}
	EndGlobalSection
	GlobalSection(ExtensibilityGlobals) = postSolution
		SolutionGuid = {71075FF6-34FF-4DFB-BBA7-7654CC357608}
	EndGlobalSection
EndGlobal
